
Microsoft Visual Studio Solution File, Format Version 12.00
# Visual Studio Version 17
VisualStudioVersion = 17.9.34701.34
MinimumVisualStudioVersion = 10.0.40219.1
Project("{9A19103F-16F7-4668-BE54-9A1E7A4F7556}") = "JournalApp.API", "JournalAPI\JournalApp.API.csproj", "{6AEF5EA1-A6C7-4821-95EB-8014EBC3E07A}"
EndProject
Project("{FAE04EC0-301F-11D3-BF4B-00C04F79EFBC}") = "JournalApp.Application", "JournalApp.Application\JournalApp.Application.csproj", "{3A0BEC10-7EC0-4ABE-A9B3-D5833953116C}"
EndProject
Project("{FAE04EC0-301F-11D3-BF4B-00C04F79EFBC}") = "JournalApp.Domain", "JournalApp.Domain\JournalApp.Domain.csproj", "{3A146CB7-D896-499B-A7FE-2F39C4DB73B3}"
EndProject
Global
	GlobalSection(SolutionConfigurationPlatforms) = preSolution
		Debug|Any CPU = Debug|Any CPU
		Release|Any CPU = Release|Any CPU
	EndGlobalSection
	GlobalSection(ProjectConfigurationPlatforms) = postSolution
		{6AEF5EA1-A6C7-4821-95EB-8014EBC3E07A}.Debug|Any CPU.ActiveCfg = Debug|Any CPU
		{6AEF5EA1-A6C7-4821-95EB-8014EBC3E07A}.Debug|Any CPU.Build.0 = Debug|Any CPU
		{6AEF5EA1-A6C7-4821-95EB-8014EBC3E07A}.Release|Any CPU.ActiveCfg = Release|Any CPU
		{6AEF5EA1-A6C7-4821-95EB-8014EBC3E07A}.Release|Any CPU.Build.0 = Release|Any CPU
		{3A0BEC10-7EC0-4ABE-A9B3-D5833953116C}.Debug|Any CPU.ActiveCfg = Debug|Any CPU
		{3A0BEC10-7EC0-4ABE-A9B3-D5833953116C}.Debug|Any CPU.Build.0 = Debug|Any CPU
		{3A0BEC10-7EC0-4ABE-A9B3-D5833953116C}.Release|Any CPU.ActiveCfg = Release|Any CPU
		{3A0BEC10-7EC0-4ABE-A9B3-D5833953116C}.Release|Any CPU.Build.0 = Release|Any CPU
		{3A146CB7-D896-499B-A7FE-2F39C4DB73B3}.Debug|Any CPU.ActiveCfg = Debug|Any CPU
		{3A146CB7-D896-499B-A7FE-2F39C4DB73B3}.Debug|Any CPU.Build.0 = Debug|Any CPU
		{3A146CB7-D896-499B-A7FE-2F39C4DB73B3}.Release|Any CPU.ActiveCfg = Release|Any CPU
		{3A146CB7-D896-499B-A7FE-2F39C4DB73B3}.Release|Any CPU.Build.0 = Release|Any CPU
	EndGlobalSection
	GlobalSection(SolutionProperties) = preSolution
		HideSolutionNode = FALSE
	EndGlobalSection
	GlobalSection(ExtensibilityGlobals) = postSolution
		SolutionGuid = {27E3CCA3-ED92-4637-BE55-165C752C54E1}
	EndGlobalSection
EndGlobal
